Microsoft Visual Studio Solution File, Format Version 11.00
# Visual Studio 2010
Project("{FAE04EC0-301F-11D3-BF4B-00C04F79EFBC}") = "Assembly-CSharp", "Assembly-CSharp.csproj", "{C996365D-25FD-B889-3507-7BEB14254E33}"
EndProject
Project("{FAE04EC0-301F-11D3-BF4B-00C04F79EFBC}") = "Assembly-CSharp-Editor", "Assembly-CSharp-Editor.csproj", "{BCE6CFEC-F7FF-4C2E-19F0-8EA7438610A1}"
EndProject
Global
	GlobalSection(SolutionConfigurationPlatforms) = preSolution
		Debug|Any CPU = Debug|Any CPU
		Release|Any CPU = Release|Any CPU
	EndGlobalSection
	GlobalSection(ProjectConfigurationPlatforms) = postSolution
		{C996365D-25FD-B889-3507-7BEB14254E33}.Debug|Any CPU.ActiveCfg = Debug|Any CPU
		{C996365D-25FD-B889-3507-7BEB14254E33}.Debug|Any CPU.Build.0 = Debug|Any CPU
		{C996365D-25FD-B889-3507-7BEB14254E33}.Release|Any CPU.ActiveCfg = Release|Any CPU
		{C996365D-25FD-B889-3507-7BEB14254E33}.Release|Any CPU.Build.0 = Release|Any CPU
		{BCE6CFEC-F7FF-4C2E-19F0-8EA7438610A1}.Debug|Any CPU.ActiveCfg = Debug|Any CPU
		{BCE6CFEC-F7FF-4C2E-19F0-8EA7438610A1}.Debug|Any CPU.Build.0 = Debug|Any CPU
		{BCE6CFEC-F7FF-4C2E-19F0-8EA7438610A1}.Release|Any CPU.ActiveCfg = Release|Any CPU
		{BCE6CFEC-F7FF-4C2E-19F0-8EA7438610A1}.Release|Any CPU.Build.0 = Release|Any CPU
	EndGlobalSection
	GlobalSection(SolutionProperties) = preSolution
		HideSolutionNode = FALSE
	EndGlobalSection
	GlobalSection(MonoDevelopProperties) = preSolution
		StartupItem = Assembly-CSharp.csproj
	EndGlobalSection
EndGlobal
